// !$*UTF8*$!
{
	archiveVersion = 1;
	classes = {
	};
	objectVersion = 56;
	objects = {

/* Begin PBXBuildFile section */
		BF001 /* EVChargerApp.swift in Sources */ = {isa = PBXBuildFile; fileRef = FR001 /* EVChargerApp.swift */; };
		BF002 /* ContentView.swift in Sources */ = {isa = PBXBuildFile; fileRef = FR002 /* ContentView.swift */; };
		BF003 /* CarPlaySceneDelegate.swift in Sources */ = {isa = PBXBuildFile; fileRef = FR003 /* CarPlaySceneDelegate.swift */; };
		BF004 /* APIConfig.swift in Sources */ = {isa = PBXBuildFile; fileRef = FR004 /* APIConfig.swift */; };
		BF007 /* ChargingStation.swift in Sources */ = {isa = PBXBuildFile; fileRef = FR007 /* ChargingStation.swift */; };
		BF008 /* ConnectorType.swift in Sources */ = {isa = PBXBuildFile; fileRef = FR008 /* ConnectorType.swift */; };
		BF012 /* StatusType.swift in Sources */ = {isa = PBXBuildFile; fileRef = FR012 /* StatusType.swift */; };
		BF015 /* CacheService.swift in Sources */ = {isa = PBXBuildFile; fileRef = FR015 /* CacheService.swift */; };
		BF017 /* LocationService.swift in Sources */ = {isa = PBXBuildFile; fileRef = FR017 /* LocationService.swift */; };
		BF018 /* NavigationService.swift in Sources */ = {isa = PBXBuildFile; fileRef = FR018 /* NavigationService.swift */; };
		BF019 /* NetworkMonitor.swift in Sources */ = {isa = PBXBuildFile; fileRef = FR019 /* NetworkMonitor.swift */; };
		BF020 /* OpenChargeMapService.swift in Sources */ = {isa = PBXBuildFile; fileRef = FR020 /* OpenChargeMapService.swift */; };
		BF023 /* ChargersViewModel.swift in Sources */ = {isa = PBXBuildFile; fileRef = FR023 /* ChargersViewModel.swift */; };
		BF025 /* ChargerDetailView.swift in Sources */ = {isa = PBXBuildFile; fileRef = FR025 /* ChargerDetailView.swift */; };
		BF027 /* ChargerMapView.swift in Sources */ = {isa = PBXBuildFile; fileRef = FR027 /* ChargerMapView.swift */; };
		BF028 /* CacheStatusView.swift in Sources */ = {isa = PBXBuildFile; fileRef = FR028 /* CacheStatusView.swift */; };
		BF029 /* ChargerRowView.swift in Sources */ = {isa = PBXBuildFile; fileRef = FR029 /* ChargerRowView.swift */; };
		BF030 /* ConnectorBadgeView.swift in Sources */ = {isa = PBXBuildFile; fileRef = FR030 /* ConnectorBadgeView.swift */; };
		BF034 /* SettingsView.swift in Sources */ = {isa = PBXBuildFile; fileRef = FR034 /* SettingsView.swift */; };
		BF037 /* Assets.xcassets in Resources */ = {isa = PBXBuildFile; fileRef = FR037 /* Assets.xcassets */; };
		BFTEST /* OpenChargeMapServiceTests.swift in Sources */ = {isa = PBXBuildFile; fileRef = FRTEST /* OpenChargeMapServiceTests.swift */; };
/* End PBXBuildFile section */

/* Begin PBXContainerItemProxy section */
		TestsContainerItemProxy /* PBXContainerItemProxy */ = {
			isa = PBXContainerItemProxy;
			containerPortal = Project /* Project object */;
			proxyType = 1;
			remoteGlobalIDString = EVChargerTarget;
			remoteInfo = EVCharger;
		};
/* End PBXContainerItemProxy section */

/* Begin PBXFileReference section */
		FR001 /* EVChargerApp.swift */ = {isa = PBXFileReference; lastKnownFileType = sourcecode.swift; path = EVChargerApp.swift; sourceTree = "<group>"; };
		FR002 /* ContentView.swift */ = {isa = PBXFileReference; lastKnownFileType = sourcecode.swift; path = ContentView.swift; sourceTree = "<group>"; };
		FR003 /* CarPlaySceneDelegate.swift */ = {isa = PBXFileReference; lastKnownFileType = sourcecode.swift; path = CarPlaySceneDelegate.swift; sourceTree = "<group>"; };
		FR004 /* APIConfig.swift */ = {isa = PBXFileReference; lastKnownFileType = sourcecode.swift; path = APIConfig.swift; sourceTree = "<group>"; };
		FR007 /* ChargingStation.swift */ = {isa = PBXFileReference; lastKnownFileType = sourcecode.swift; path = ChargingStation.swift; sourceTree = "<group>"; };
		FR008 /* ConnectorType.swift */ = {isa = PBXFileReference; lastKnownFileType = sourcecode.swift; path = ConnectorType.swift; sourceTree = "<group>"; };
		FR012 /* StatusType.swift */ = {isa = PBXFileReference; lastKnownFileType = sourcecode.swift; path = StatusType.swift; sourceTree = "<group>"; };
		FR015 /* CacheService.swift */ = {isa = PBXFileReference; lastKnownFileType = sourcecode.swift; path = CacheService.swift; sourceTree = "<group>"; };
		FR017 /* LocationService.swift */ = {isa = PBXFileReference; lastKnownFileType = sourcecode.swift; path = LocationService.swift; sourceTree = "<group>"; };
		FR018 /* NavigationService.swift */ = {isa = PBXFileReference; lastKnownFileType = sourcecode.swift; path = NavigationService.swift; sourceTree = "<group>"; };
		FR019 /* NetworkMonitor.swift */ = {isa = PBXFileReference; lastKnownFileType = sourcecode.swift; path = NetworkMonitor.swift; sourceTree = "<group>"; };
		FR020 /* OpenChargeMapService.swift */ = {isa = PBXFileReference; lastKnownFileType = sourcecode.swift; path = OpenChargeMapService.swift; sourceTree = "<group>"; };
		FR023 /* ChargersViewModel.swift */ = {isa = PBXFileReference; lastKnownFileType = sourcecode.swift; path = ChargersViewModel.swift; sourceTree = "<group>"; };
		FR025 /* ChargerDetailView.swift */ = {isa = PBXFileReference; lastKnownFileType = sourcecode.swift; path = ChargerDetailView.swift; sourceTree = "<group>"; };
		FR027 /* ChargerMapView.swift */ = {isa = PBXFileReference; lastKnownFileType = sourcecode.swift; path = ChargerMapView.swift; sourceTree = "<group>"; };
		FR028 /* CacheStatusView.swift */ = {isa = PBXFileReference; lastKnownFileType = sourcecode.swift; path = CacheStatusView.swift; sourceTree = "<group>"; };
		FR029 /* ChargerRowView.swift */ = {isa = PBXFileReference; lastKnownFileType = sourcecode.swift; path = ChargerRowView.swift; sourceTree = "<group>"; };
		FR030 /* ConnectorBadgeView.swift */ = {isa = PBXFileReference; lastKnownFileType = sourcecode.swift; path = ConnectorBadgeView.swift; sourceTree = "<group>"; };
		FR034 /* SettingsView.swift */ = {isa = PBXFileReference; lastKnownFileType = sourcecode.swift; path = SettingsView.swift; sourceTree = "<group>"; };
		FR037 /* Assets.xcassets */ = {isa = PBXFileReference; lastKnownFileType = folder.assetcatalog; path = Assets.xcassets; sourceTree = "<group>"; };
		InfoPlist /* Info.plist */ = {isa = PBXFileReference; lastKnownFileType = text.plist.xml; path = Info.plist; sourceTree = "<group>"; };
		EVChargerProduct /* EVCharger.app */ = {isa = PBXFileReference; explicitFileType = wrapper.application; includeInIndex = 0; path = EVCharger.app; sourceTree = BUILT_PRODUCTS_DIR; };
		EVChargerTestsProduct /* EVChargerTests.xctest */ = {isa = PBXFileReference; explicitFileType = wrapper.cfbundle; includeInIndex = 0; path = EVChargerTests.xctest; sourceTree = BUILT_PRODUCTS_DIR; };
		FRTEST /* OpenChargeMapServiceTests.swift */ = {isa = PBXFileReference; lastKnownFileType = sourcecode.swift; path = OpenChargeMapServiceTests.swift; sourceTree = "<group>"; };
/* End PBXFileReference section */

/* Begin PBXFrameworksBuildPhase section */
		FrameworksBuildPhase /* Frameworks */ = {
			isa = PBXFrameworksBuildPhase;
			buildActionMask = 2147483647;
			files = (
			);
			runOnlyForDeploymentPostprocessing = 0;
		};
		TestsFrameworksBuildPhase /* Frameworks */ = {
			isa = PBXFrameworksBuildPhase;
			buildActionMask = 2147483647;
			files = (
			);
			runOnlyForDeploymentPostprocessing = 0;
		};
/* End PBXFrameworksBuildPhase section */

/* Begin PBXGroup section */
		MainGroup = {
			isa = PBXGroup;
			children = (
				EVChargerGroup /* EVCharger */,
				EVChargerTestsGroup /* EVChargerTests */,
				ProductsGroup /* Products */,
			);
			sourceTree = "<group>";
		};
		ProductsGroup /* Products */ = {
			isa = PBXGroup;
			children = (
				EVChargerProduct /* EVCharger.app */,
				EVChargerTestsProduct /* EVChargerTests.xctest */,
			);
			name = Products;
			sourceTree = "<group>";
		};
		EVChargerGroup /* EVCharger */ = {
			isa = PBXGroup;
			children = (
				AppGroup /* App */,
				CarPlayGroup /* CarPlay */,
				ConfigGroup /* Config */,
				ModelsGroup /* Models */,
				ServicesGroup /* Services */,
				ViewModelsGroup /* ViewModels */,
				ViewsGroup /* Views */,
				ResourcesGroup /* Resources */,
				FR037 /* Assets.xcassets */,
				InfoPlist /* Info.plist */,
			);
			path = EVCharger;
			sourceTree = "<group>";
		};
		AppGroup /* App */ = {
			isa = PBXGroup;
			children = (
				FR001 /* EVChargerApp.swift */,
				FR002 /* ContentView.swift */,
			);
			path = App;
			sourceTree = "<group>";
		};
		CarPlayGroup /* CarPlay */ = {
			isa = PBXGroup;
			children = (
				FR003 /* CarPlaySceneDelegate.swift */,
			);
			path = CarPlay;
			sourceTree = "<group>";
		};
		ConfigGroup /* Config */ = {
			isa = PBXGroup;
			children = (
				FR004 /* APIConfig.swift */,
			);
			path = Config;
			sourceTree = "<group>";
		};
			ModelsGroup /* Models */ = {
			isa = PBXGroup;
			children = (
				FR007 /* ChargingStation.swift */,
				FR008 /* ConnectorType.swift */,
				FR012 /* StatusType.swift */,
			);
			path = Models;
			sourceTree = "<group>";
		};
		ServicesGroup /* Services */ = {
			isa = PBXGroup;
			children = (
				FR015 /* CacheService.swift */,
				FR017 /* LocationService.swift */,
				FR018 /* NavigationService.swift */,
				FR019 /* NetworkMonitor.swift */,
				FR020 /* OpenChargeMapService.swift */,
			);
			path = Services;
			sourceTree = "<group>";
		};
		ViewModelsGroup /* ViewModels */ = {
			isa = PBXGroup;
			children = (
				FR023 /* ChargersViewModel.swift */,
			);
			path = ViewModels;
			sourceTree = "<group>";
		};
		ViewsGroup /* Views */ = {
			isa = PBXGroup;
			children = (
				ComponentsGroup /* Components */,
				FR025 /* ChargerDetailView.swift */,
				FR027 /* ChargerMapView.swift */,
				FR034 /* SettingsView.swift */,
			);
			path = Views;
			sourceTree = "<group>";
		};
		ComponentsGroup /* Components */ = {
			isa = PBXGroup;
			children = (
				FR028 /* CacheStatusView.swift */,
				FR029 /* ChargerRowView.swift */,
				FR030 /* ConnectorBadgeView.swift */,
			);
			path = Components;
			sourceTree = "<group>";
		};
		ResourcesGroup /* Resources */ = {
			isa = PBXGroup;
			children = (
			);
			path = Resources;
			sourceTree = "<group>";
		};
		EVChargerTestsGroup /* EVChargerTests */ = {
			isa = PBXGroup;
			children = (
				FRTEST /* OpenChargeMapServiceTests.swift */,
			);
			path = EVChargerTests;
			sourceTree = "<group>";
		};
/* End PBXGroup section */

/* Begin PBXNativeTarget section */
		EVChargerTarget /* EVCharger */ = {
			isa = PBXNativeTarget;
			buildConfigurationList = EVChargerBuildConfigList /* Build configuration list for PBXNativeTarget "EVCharger" */;
			buildPhases = (
				SourcesBuildPhase /* Sources */,
				FrameworksBuildPhase /* Frameworks */,
				ResourcesBuildPhase /* Resources */,
			);
			buildRules = (
			);
			dependencies = (
			);
			name = EVCharger;
			productName = EVCharger;
			productReference = EVChargerProduct /* EVCharger.app */;
			productType = "com.apple.product-type.application";
		};
		EVChargerTestsTarget /* EVChargerTests */ = {
			isa = PBXNativeTarget;
			buildConfigurationList = EVChargerTestsBuildConfigList /* Build configuration list for PBXNativeTarget "EVChargerTests" */;
			buildPhases = (
				TestsSourcesBuildPhase /* Sources */,
				TestsFrameworksBuildPhase /* Frameworks */,
				TestsResourcesBuildPhase /* Resources */,
			);
			buildRules = (
			);
			dependencies = (
				TestsTargetDependency /* PBXTargetDependency */,
			);
			name = EVChargerTests;
			productName = EVChargerTests;
			productReference = EVChargerTestsProduct /* EVChargerTests.xctest */;
			productType = "com.apple.product-type.bundle.unit-test";
		};
/* End PBXNativeTarget section */

/* Begin PBXProject section */
		Project /* Project object */ = {
			isa = PBXProject;
			attributes = {
				BuildIndependentTargetsInParallel = 1;
				LastSwiftUpdateCheck = 1500;
				LastUpgradeCheck = 1500;
				TargetAttributes = {
					EVChargerTarget = {
						CreatedOnToolsVersion = 15.0;
					};
					EVChargerTestsTarget = {
						CreatedOnToolsVersion = 15.0;
						TestTargetID = EVChargerTarget;
					};
				};
			};
			buildConfigurationList = ProjectBuildConfigList /* Build configuration list for PBXProject "EVCharger" */;
			compatibilityVersion = "Xcode 14.0";
			developmentRegion = en;
			hasScannedForEncodings = 0;
			knownRegions = (
				en,
				Base,
			);
			mainGroup = MainGroup;
			productRefGroup = ProductsGroup /* Products */;
			projectDirPath = "";
			projectRoot = "";
			targets = (
				EVChargerTarget /* EVCharger */,
				EVChargerTestsTarget /* EVChargerTests */,
			);
		};
/* End PBXProject section */

/* Begin PBXResourcesBuildPhase section */
		ResourcesBuildPhase /* Resources */ = {
			isa = PBXResourcesBuildPhase;
			buildActionMask = 2147483647;
			files = (
				BF037 /* Assets.xcassets in Resources */,
			);
			runOnlyForDeploymentPostprocessing = 0;
		};
		TestsResourcesBuildPhase /* Resources */ = {
			isa = PBXResourcesBuildPhase;
			buildActionMask = 2147483647;
			files = (
			);
			runOnlyForDeploymentPostprocessing = 0;
		};
/* End PBXResourcesBuildPhase section */

/* Begin PBXSourcesBuildPhase section */
		SourcesBuildPhase /* Sources */ = {
			isa = PBXSourcesBuildPhase;
			buildActionMask = 2147483647;
			files = (
				BF001 /* EVChargerApp.swift in Sources */,
				BF002 /* ContentView.swift in Sources */,
				BF003 /* CarPlaySceneDelegate.swift in Sources */,
				BF004 /* APIConfig.swift in Sources */,
				BF007 /* ChargingStation.swift in Sources */,
				BF008 /* ConnectorType.swift in Sources */,
				BF012 /* StatusType.swift in Sources */,
				BF015 /* CacheService.swift in Sources */,
				BF017 /* LocationService.swift in Sources */,
				BF018 /* NavigationService.swift in Sources */,
				BF019 /* NetworkMonitor.swift in Sources */,
				BF020 /* OpenChargeMapService.swift in Sources */,
				BF023 /* ChargersViewModel.swift in Sources */,
				BF025 /* ChargerDetailView.swift in Sources */,
				BF027 /* ChargerMapView.swift in Sources */,
				BF028 /* CacheStatusView.swift in Sources */,
				BF029 /* ChargerRowView.swift in Sources */,
				BF030 /* ConnectorBadgeView.swift in Sources */,
				BF034 /* SettingsView.swift in Sources */,
			);
			runOnlyForDeploymentPostprocessing = 0;
		};
		TestsSourcesBuildPhase /* Sources */ = {
			isa = PBXSourcesBuildPhase;
			buildActionMask = 2147483647;
			files = (
				BFTEST /* OpenChargeMapServiceTests.swift in Sources */,
			);
			runOnlyForDeploymentPostprocessing = 0;
		};
/* End PBXSourcesBuildPhase section */

/* Begin PBXTargetDependency section */
		TestsTargetDependency /* PBXTargetDependency */ = {
			isa = PBXTargetDependency;
			target = EVChargerTarget /* EVCharger */;
			targetProxy = TestsContainerItemProxy /* PBXContainerItemProxy */;
		};
/* End PBXTargetDependency section */

/* Begin XCBuildConfiguration section */
		DebugConfig /* Debug */ = {
			isa = XCBuildConfiguration;
			buildSettings = {
				ALWAYS_SEARCH_USER_PATHS = NO;
				CLANG_ANALYZER_NONNULL = YES;
				CLANG_ANALYZER_NUMBER_OBJECT_CONVERSION = YES_AGGRESSIVE;
				CLANG_CXX_LANGUAGE_STANDARD = "gnu++20";
				CLANG_ENABLE_MODULES = YES;
				CLANG_ENABLE_OBJC_ARC = YES;
				CLANG_ENABLE_OBJC_WEAK = YES;
				CLANG_WARN_BLOCK_CAPTURE_AUTORELEASING = YES;
				CLANG_WARN_BOOL_CONVERSION = YES;
				CLANG_WARN_COMMA = YES;
				CLANG_WARN_CONSTANT_CONVERSION = YES;
				CLANG_WARN_DEPRECATED_OBJC_IMPLEMENTATIONS = YES;
				CLANG_WARN_DIRECT_OBJC_ISA_USAGE = YES_ERROR;
				CLANG_WARN_DOCUMENTATION_COMMENTS = YES;
				CLANG_WARN_EMPTY_BODY = YES;
				CLANG_WARN_ENUM_CONVERSION = YES;
				CLANG_WARN_INFINITE_RECURSION = YES;
				CLANG_WARN_INT_CONVERSION = YES;
				CLANG_WARN_NON_LITERAL_NULL_CONVERSION = YES;
				CLANG_WARN_OBJC_IMPLICIT_RETAIN_SELF = YES;
				CLANG_WARN_OBJC_LITERAL_CONVERSION = YES;
				CLANG_WARN_OBJC_ROOT_CLASS = YES_ERROR;
				CLANG_WARN_QUOTED_INCLUDE_IN_FRAMEWORK_HEADER = YES;
				CLANG_WARN_RANGE_LOOP_ANALYSIS = YES;
				CLANG_WARN_STRICT_PROTOTYPES = YES;
				CLANG_WARN_SUSPICIOUS_MOVE = YES;
				CLANG_WARN_UNGUARDED_AVAILABILITY = YES_AGGRESSIVE;
				CLANG_WARN_UNREACHABLE_CODE = YES;
				CLANG_WARN__DUPLICATE_METHOD_MATCH = YES;
				COPY_PHASE_STRIP = NO;
				DEBUG_INFORMATION_FORMAT = dwarf;
				ENABLE_STRICT_OBJC_MSGSEND = YES;
				ENABLE_TESTABILITY = YES;
				GCC_C_LANGUAGE_STANDARD = gnu11;
				GCC_DYNAMIC_NO_PIC = NO;
				GCC_NO_COMMON_BLOCKS = YES;
				GCC_OPTIMIZATION_LEVEL = 0;
				GCC_PREPROCESSOR_DEFINITIONS = (
					"DEBUG=1",
					"$(inherited)",
				);
				GCC_WARN_64_TO_32_BIT_CONVERSION = YES;
				GCC_WARN_ABOUT_RETURN_TYPE = YES_ERROR;
				GCC_WARN_UNDECLARED_SELECTOR = YES;
				GCC_WARN_UNINITIALIZED_AUTOS = YES_AGGRESSIVE;
				GCC_WARN_UNUSED_FUNCTION = YES;
				GCC_WARN_UNUSED_VARIABLE = YES;
				IPHONEOS_DEPLOYMENT_TARGET = 17.0;
				MTL_ENABLE_DEBUG_INFO = INCLUDE_SOURCE;
				MTL_FAST_MATH = YES;
				ONLY_ACTIVE_ARCH = YES;
				SDKROOT = iphoneos;
				SWIFT_ACTIVE_COMPILATION_CONDITIONS = DEBUG;
				SWIFT_OPTIMIZATION_LEVEL = "-Onone";
			};
			name = Debug;
		};
		ReleaseConfig /* Release */ = {
			isa = XCBuildConfiguration;
			buildSettings = {
				ALWAYS_SEARCH_USER_PATHS = NO;
				CLANG_ANALYZER_NONNULL = YES;
				CLANG_ANALYZER_NUMBER_OBJECT_CONVERSION = YES_AGGRESSIVE;
				CLANG_CXX_LANGUAGE_STANDARD = "gnu++20";
				CLANG_ENABLE_MODULES = YES;
				CLANG_ENABLE_OBJC_ARC = YES;
				CLANG_ENABLE_OBJC_WEAK = YES;
				CLANG_WARN_BLOCK_CAPTURE_AUTORELEASING = YES;
				CLANG_WARN_BOOL_CONVERSION = YES;
				CLANG_WARN_COMMA = YES;
				CLANG_WARN_CONSTANT_CONVERSION = YES;
				CLANG_WARN_DEPRECATED_OBJC_IMPLEMENTATIONS = YES;
				CLANG_WARN_DIRECT_OBJC_ISA_USAGE = YES_ERROR;
				CLANG_WARN_DOCUMENTATION_COMMENTS = YES;
				CLANG_WARN_EMPTY_BODY = YES;
				CLANG_WARN_ENUM_CONVERSION = YES;
				CLANG_WARN_INFINITE_RECURSION = YES;
				CLANG_WARN_INT_CONVERSION = YES;
				CLANG_WARN_NON_LITERAL_NULL_CONVERSION = YES;
				CLANG_WARN_OBJC_IMPLICIT_RETAIN_SELF = YES;
				CLANG_WARN_OBJC_LITERAL_CONVERSION = YES;
				CLANG_WARN_OBJC_ROOT_CLASS = YES_ERROR;
				CLANG_WARN_QUOTED_INCLUDE_IN_FRAMEWORK_HEADER = YES;
				CLANG_WARN_RANGE_LOOP_ANALYSIS = YES;
				CLANG_WARN_STRICT_PROTOTYPES = YES;
				CLANG_WARN_SUSPICIOUS_MOVE = YES;
				CLANG_WARN_UNGUARDED_AVAILABILITY = YES_AGGRESSIVE;
				CLANG_WARN_UNREACHABLE_CODE = YES;
				CLANG_WARN__DUPLICATE_METHOD_MATCH = YES;
				COPY_PHASE_STRIP = NO;
				DEBUG_INFORMATION_FORMAT = "dwarf-with-dsym";
				ENABLE_NS_ASSERTIONS = NO;
				ENABLE_STRICT_OBJC_MSGSEND = YES;
				GCC_C_LANGUAGE_STANDARD = gnu11;
				GCC_NO_COMMON_BLOCKS = YES;
				GCC_WARN_64_TO_32_BIT_CONVERSION = YES;
				GCC_WARN_ABOUT_RETURN_TYPE = YES_ERROR;
				GCC_WARN_UNDECLARED_SELECTOR = YES;
				GCC_WARN_UNINITIALIZED_AUTOS = YES_AGGRESSIVE;
				GCC_WARN_UNUSED_FUNCTION = YES;
				GCC_WARN_UNUSED_VARIABLE = YES;
				IPHONEOS_DEPLOYMENT_TARGET = 17.0;
				MTL_ENABLE_DEBUG_INFO = NO;
				MTL_FAST_MATH = YES;
				SDKROOT = iphoneos;
				SWIFT_COMPILATION_MODE = wholemodule;
				SWIFT_OPTIMIZATION_LEVEL = "-O";
				VALIDATE_PRODUCT = YES;
			};
			name = Release;
		};
		EVChargerDebugConfig /* Debug */ = {
			isa = XCBuildConfiguration;
			buildSettings = {
				ASSETCATALOG_COMPILER_APPICON_NAME = AppIcon;
				ASSETCATALOG_COMPILER_GLOBAL_ACCENT_COLOR_NAME = AccentColor;
				CODE_SIGN_STYLE = Automatic;
				CURRENT_PROJECT_VERSION = 1;
				DEVELOPMENT_ASSET_PATHS = "";
				ENABLE_PREVIEWS = YES;
				GENERATE_INFOPLIST_FILE = NO;
				INFOPLIST_FILE = EVCharger/Info.plist;
				INFOPLIST_KEY_CFBundleDisplayName = AllCharge;
				INFOPLIST_KEY_LSApplicationCategoryType = "public.app-category.navigation";
				INFOPLIST_KEY_NSLocationAlwaysAndWhenInUseUsageDescription = "AllCharge needs your location to find nearby charging stations.";
				INFOPLIST_KEY_NSLocationWhenInUseUsageDescription = "AllCharge needs your location to find nearby charging stations.";
				INFOPLIST_KEY_UIApplicationSceneManifest_Generation = NO;
				INFOPLIST_KEY_UIApplicationSupportsIndirectInputEvents = YES;
				INFOPLIST_KEY_UILaunchScreen_Generation = YES;
				INFOPLIST_KEY_UISupportedInterfaceOrientations_iPad = "UIInterfaceOrientationPortrait UIInterfaceOrientationPortraitUpsideDown UIInterfaceOrientationLandscapeLeft UIInterfaceOrientationLandscapeRight";
				INFOPLIST_KEY_UISupportedInterfaceOrientations_iPhone = "UIInterfaceOrientationPortrait UIInterfaceOrientationLandscapeLeft UIInterfaceOrientationLandscapeRight";
				LD_RUNPATH_SEARCH_PATHS = (
					"$(inherited)",
					"@executable_path/Frameworks",
				);
				MARKETING_VERSION = 1.0;
				PRODUCT_BUNDLE_IDENTIFIER = com.allcharge.app;
				PRODUCT_NAME = "$(TARGET_NAME)";
				SWIFT_EMIT_LOC_STRINGS = YES;
				SWIFT_VERSION = 5.0;
				TARGETED_DEVICE_FAMILY = "1,2";
			};
			name = Debug;
		};
		EVChargerReleaseConfig /* Release */ = {
			isa = XCBuildConfiguration;
			buildSettings = {
				ASSETCATALOG_COMPILER_APPICON_NAME = AppIcon;
				ASSETCATALOG_COMPILER_GLOBAL_ACCENT_COLOR_NAME = AccentColor;
				CODE_SIGN_STYLE = Automatic;
				CURRENT_PROJECT_VERSION = 1;
				DEVELOPMENT_ASSET_PATHS = "";
				ENABLE_PREVIEWS = YES;
				GENERATE_INFOPLIST_FILE = NO;
				INFOPLIST_FILE = EVCharger/Info.plist;
				INFOPLIST_KEY_CFBundleDisplayName = AllCharge;
				INFOPLIST_KEY_LSApplicationCategoryType = "public.app-category.navigation";
				INFOPLIST_KEY_NSLocationAlwaysAndWhenInUseUsageDescription = "AllCharge needs your location to find nearby charging stations.";
				INFOPLIST_KEY_NSLocationWhenInUseUsageDescription = "AllCharge needs your location to find nearby charging stations.";
				INFOPLIST_KEY_UIApplicationSceneManifest_Generation = NO;
				INFOPLIST_KEY_UIApplicationSupportsIndirectInputEvents = YES;
				INFOPLIST_KEY_UILaunchScreen_Generation = YES;
				INFOPLIST_KEY_UISupportedInterfaceOrientations_iPad = "UIInterfaceOrientationPortrait UIInterfaceOrientationPortraitUpsideDown UIInterfaceOrientationLandscapeLeft UIInterfaceOrientationLandscapeRight";
				INFOPLIST_KEY_UISupportedInterfaceOrientations_iPhone = "UIInterfaceOrientationPortrait UIInterfaceOrientationLandscapeLeft UIInterfaceOrientationLandscapeRight";
				LD_RUNPATH_SEARCH_PATHS = (
					"$(inherited)",
					"@executable_path/Frameworks",
				);
				MARKETING_VERSION = 1.0;
				PRODUCT_BUNDLE_IDENTIFIER = com.allcharge.app;
				PRODUCT_NAME = "$(TARGET_NAME)";
				SWIFT_EMIT_LOC_STRINGS = YES;
				SWIFT_VERSION = 5.0;
				TARGETED_DEVICE_FAMILY = "1,2";
			};
			name = Release;
		};
		EVChargerTestsDebugConfig /* Debug */ = {
			isa = XCBuildConfiguration;
			buildSettings = {
				BUNDLE_LOADER = "$(TEST_HOST)";
				CODE_SIGN_STYLE = Automatic;
				CURRENT_PROJECT_VERSION = 1;
				GENERATE_INFOPLIST_FILE = YES;
				IPHONEOS_DEPLOYMENT_TARGET = 17.0;
				MARKETING_VERSION = 1.0;
				PRODUCT_BUNDLE_IDENTIFIER = com.allcharge.EVChargerTests;
				PRODUCT_NAME = "$(TARGET_NAME)";
				SWIFT_EMIT_LOC_STRINGS = NO;
				SWIFT_VERSION = 5.0;
				TARGETED_DEVICE_FAMILY = "1,2";
				TEST_HOST = "$(BUILT_PRODUCTS_DIR)/EVCharger.app/$(BUNDLE_EXECUTABLE_FOLDER_PATH)/EVCharger";
			};
			name = Debug;
		};
		EVChargerTestsReleaseConfig /* Release */ = {
			isa = XCBuildConfiguration;
			buildSettings = {
				BUNDLE_LOADER = "$(TEST_HOST)";
				CODE_SIGN_STYLE = Automatic;
				CURRENT_PROJECT_VERSION = 1;
				GENERATE_INFOPLIST_FILE = YES;
				IPHONEOS_DEPLOYMENT_TARGET = 17.0;
				MARKETING_VERSION = 1.0;
				PRODUCT_BUNDLE_IDENTIFIER = com.allcharge.EVChargerTests;
				PRODUCT_NAME = "$(TARGET_NAME)";
				SWIFT_EMIT_LOC_STRINGS = NO;
				SWIFT_VERSION = 5.0;
				TARGETED_DEVICE_FAMILY = "1,2";
				TEST_HOST = "$(BUILT_PRODUCTS_DIR)/EVCharger.app/$(BUNDLE_EXECUTABLE_FOLDER_PATH)/EVCharger";
			};
			name = Release;
		};
/* End XCBuildConfiguration section */

/* Begin XCConfigurationList section */
		ProjectBuildConfigList /* Build configuration list for PBXProject "EVCharger" */ = {
			isa = XCConfigurationList;
			buildConfigurations = (
				DebugConfig /* Debug */,
				ReleaseConfig /* Release */,
			);
			defaultConfigurationIsVisible = 0;
			defaultConfigurationName = Release;
		};
		EVChargerBuildConfigList /* Build configuration list for PBXNativeTarget "EVCharger" */ = {
			isa = XCConfigurationList;
			buildConfigurations = (
				EVChargerDebugConfig /* Debug */,
				EVChargerReleaseConfig /* Release */,
			);
			defaultConfigurationIsVisible = 0;
			defaultConfigurationName = Release;
		};
		EVChargerTestsBuildConfigList /* Build configuration list for PBXNativeTarget "EVChargerTests" */ = {
			isa = XCConfigurationList;
			buildConfigurations = (
				EVChargerTestsDebugConfig /* Debug */,
				EVChargerTestsReleaseConfig /* Release */,
			);
			defaultConfigurationIsVisible = 0;
			defaultConfigurationName = Release;
		};
/* End XCConfigurationList section */
	};
	rootObject = Project /* Project object */;
}
