// !$*UTF8*$!
{
	archiveVersion = 1;
	classes = {
	};
	objectVersion = 56;
	objects = {

/* Begin PBXBuildFile section */
		219E4BF188486ABBF1C7826D /* ConnectorBadgeView.swift in Sources */ = {isa = PBXBuildFile; fileRef = CA2F41E6BA17BA8948FCAA22 /* ConnectorBadgeView.swift */; };
		39FC45909F781A1099A7FD17 /* NavigationService.swift in Sources */ = {isa = PBXBuildFile; fileRef = 1DA54065821313B888C85D35 /* NavigationService.swift */; };
		6FAA40B5B5BDB1EC5C71F2CF /* ChargerDetailView.swift in Sources */ = {isa = PBXBuildFile; fileRef = 5C04484D999021E1752BB4EB /* ChargerDetailView.swift */; };
		76684BF7872AC5D858B071B3 /* ChargerRowView.swift in Sources */ = {isa = PBXBuildFile; fileRef = A4674A049F46CEEFCF1B2F2B /* ChargerRowView.swift */; };
		940A433885FB75D2EAB81EBC /* ConnectorFilterView.swift in Sources */ = {isa = PBXBuildFile; fileRef = 0854436DBE41F6F7723F9AF7 /* ConnectorFilterView.swift */; };
		APICONFIGBF /* APIConfig.swift in Sources */ = {isa = PBXBuildFile; fileRef = APICONFIGFR /* APIConfig.swift */; };
		BC0A40B484A2CF8D370C3DD7 /* ChargersViewModel.swift in Sources */ = {isa = PBXBuildFile; fileRef = 8EE74C44849488A51DF0B777 /* ChargersViewModel.swift */; };
		CarPlaySceneDelegate /* CarPlaySceneDelegate.swift in Sources */ = {isa = PBXBuildFile; fileRef = CarPlaySceneDelegateSwift /* CarPlaySceneDelegate.swift */; };
		ChargingStationBuildFile /* ChargingStation.swift in Sources */ = {isa = PBXBuildFile; fileRef = ChargingStationSwift /* ChargingStation.swift */; };
		ConnectorTypeBuildFile /* ConnectorType.swift in Sources */ = {isa = PBXBuildFile; fileRef = ConnectorTypeSwift /* ConnectorType.swift */; };
		ContentView /* ContentView.swift in Sources */ = {isa = PBXBuildFile; fileRef = ContentViewSwift /* ContentView.swift */; };
		DBBA4AB2A53DFCD5A7BDB1D8 /* ChargerMapView.swift in Sources */ = {isa = PBXBuildFile; fileRef = 97754B38A467366AFFFDAE3D /* ChargerMapView.swift */; };
		EF704101BE12C6CF30284813 /* ChargerListView.swift in Sources */ = {isa = PBXBuildFile; fileRef = 9DEE47BE86E4136A94B715B1 /* ChargerListView.swift */; };
		EVChargerApp /* EVChargerApp.swift in Sources */ = {isa = PBXBuildFile; fileRef = EVChargerAppSwift /* EVChargerApp.swift */; };
		LocationServiceBuildFile /* LocationService.swift in Sources */ = {isa = PBXBuildFile; fileRef = LocationServiceSwift /* LocationService.swift */; };
		OpenChargeMapServiceBuildFile /* OpenChargeMapService.swift in Sources */ = {isa = PBXBuildFile; fileRef = OpenChargeMapServiceSwift /* OpenChargeMapService.swift */; };
		OpenChargeMapServiceTestsBuildFile /* OpenChargeMapServiceTests.swift in Sources */ = {isa = PBXBuildFile; fileRef = OpenChargeMapServiceTestsSwift /* OpenChargeMapServiceTests.swift */; };
		S4BFCS01 /* CacheService.swift in Sources */ = {isa = PBXBuildFile; fileRef = S4FRCS01 /* CacheService.swift */; };
		S4BFCSV1 /* CacheStatusView.swift in Sources */ = {isa = PBXBuildFile; fileRef = S4FRCSV1 /* CacheStatusView.swift */; };
		S4BFNM01 /* NetworkMonitor.swift in Sources */ = {isa = PBXBuildFile; fileRef = S4FRNM01 /* NetworkMonitor.swift */; };
		S4BFSM01 /* StoreManager.swift in Sources */ = {isa = PBXBuildFile; fileRef = S4FRSM01 /* StoreManager.swift */; };
		S4BFSV01 /* SettingsView.swift in Sources */ = {isa = PBXBuildFile; fileRef = S4FRSV01 /* SettingsView.swift */; };
		S4BFTB01 /* TrialBannerView.swift in Sources */ = {isa = PBXBuildFile; fileRef = S4FRTB01 /* TrialBannerView.swift */; };
		StatusTypeBuildFile /* StatusType.swift in Sources */ = {isa = PBXBuildFile; fileRef = StatusTypeSwift /* StatusType.swift */; };
		UserPreferencesBuildFile /* UserPreferences.swift in Sources */ = {isa = PBXBuildFile; fileRef = UserPreferencesSwift /* UserPreferences.swift */; };
/* End PBXBuildFile section */

/* Begin PBXContainerItemProxy section */
		TestsContainerItemProxy /* PBXContainerItemProxy */ = {
			isa = PBXContainerItemProxy;
			containerPortal = Project /* Project object */;
			proxyType = 1;
			remoteGlobalIDString = EVChargerTarget;
			remoteInfo = EVCharger;
		};
/* End PBXContainerItemProxy section */

/* Begin PBXFileReference section */
		0854436DBE41F6F7723F9AF7 /* ConnectorFilterView.swift */ = {isa = PBXFileReference; lastKnownFileType = sourcecode.swift; name = ConnectorFilterView.swift; path = EVCharger/Views/Components/ConnectorFilterView.swift; sourceTree = SOURCE_ROOT; };
		1DA54065821313B888C85D35 /* NavigationService.swift */ = {isa = PBXFileReference; lastKnownFileType = sourcecode.swift; name = NavigationService.swift; path = EVCharger/Services/NavigationService.swift; sourceTree = SOURCE_ROOT; };
		5C04484D999021E1752BB4EB /* ChargerDetailView.swift */ = {isa = PBXFileReference; lastKnownFileType = sourcecode.swift; name = ChargerDetailView.swift; path = EVCharger/Views/ChargerDetailView.swift; sourceTree = SOURCE_ROOT; };
		8EE74C44849488A51DF0B777 /* ChargersViewModel.swift */ = {isa = PBXFileReference; lastKnownFileType = sourcecode.swift; name = ChargersViewModel.swift; path = EVCharger/ViewModels/ChargersViewModel.swift; sourceTree = SOURCE_ROOT; };
		97754B38A467366AFFFDAE3D /* ChargerMapView.swift */ = {isa = PBXFileReference; lastKnownFileType = sourcecode.swift; name = ChargerMapView.swift; path = EVCharger/Views/ChargerMapView.swift; sourceTree = SOURCE_ROOT; };
		9DEE47BE86E4136A94B715B1 /* ChargerListView.swift */ = {isa = PBXFileReference; lastKnownFileType = sourcecode.swift; name = ChargerListView.swift; path = EVCharger/Views/ChargerListView.swift; sourceTree = SOURCE_ROOT; };
		A4674A049F46CEEFCF1B2F2B /* ChargerRowView.swift */ = {isa = PBXFileReference; lastKnownFileType = sourcecode.swift; name = ChargerRowView.swift; path = EVCharger/Views/Components/ChargerRowView.swift; sourceTree = SOURCE_ROOT; };
		APICONFIGFR /* APIConfig.swift */ = {isa = PBXFileReference; lastKnownFileType = sourcecode.swift; name = APIConfig.swift; path = EVCharger/Config/APIConfig.swift; sourceTree = SOURCE_ROOT; };
		CA2F41E6BA17BA8948FCAA22 /* ConnectorBadgeView.swift */ = {isa = PBXFileReference; lastKnownFileType = sourcecode.swift; name = ConnectorBadgeView.swift; path = EVCharger/Views/Components/ConnectorBadgeView.swift; sourceTree = SOURCE_ROOT; };
		CarPlaySceneDelegateSwift /* CarPlaySceneDelegate.swift */ = {isa = PBXFileReference; lastKnownFileType = sourcecode.swift; path = CarPlaySceneDelegate.swift; sourceTree = "<group>"; };
		ChargingStationSwift /* ChargingStation.swift */ = {isa = PBXFileReference; lastKnownFileType = sourcecode.swift; path = ChargingStation.swift; sourceTree = "<group>"; };
		ConnectorTypeSwift /* ConnectorType.swift */ = {isa = PBXFileReference; lastKnownFileType = sourcecode.swift; path = ConnectorType.swift; sourceTree = "<group>"; };
		ContentViewSwift /* ContentView.swift */ = {isa = PBXFileReference; lastKnownFileType = sourcecode.swift; path = ContentView.swift; sourceTree = "<group>"; };
		EVChargerAppSwift /* EVChargerApp.swift */ = {isa = PBXFileReference; lastKnownFileType = sourcecode.swift; path = EVChargerApp.swift; sourceTree = "<group>"; };
		EVChargerProduct /* EVCharger.app */ = {isa = PBXFileReference; explicitFileType = wrapper.application; includeInIndex = 0; path = EVCharger.app; sourceTree = BUILT_PRODUCTS_DIR; };
		EVChargerTestsProduct /* EVChargerTests.xctest */ = {isa = PBXFileReference; explicitFileType = wrapper.cfbundle; includeInIndex = 0; path = EVChargerTests.xctest; sourceTree = BUILT_PRODUCTS_DIR; };
		InfoPlist /* Info.plist */ = {isa = PBXFileReference; lastKnownFileType = text.plist.xml; path = Info.plist; sourceTree = "<group>"; };
		LocationServiceSwift /* LocationService.swift */ = {isa = PBXFileReference; lastKnownFileType = sourcecode.swift; path = LocationService.swift; sourceTree = "<group>"; };
		OpenChargeMapServiceSwift /* OpenChargeMapService.swift */ = {isa = PBXFileReference; lastKnownFileType = sourcecode.swift; path = OpenChargeMapService.swift; sourceTree = "<group>"; };
		OpenChargeMapServiceTestsSwift /* OpenChargeMapServiceTests.swift */ = {isa = PBXFileReference; lastKnownFileType = sourcecode.swift; path = OpenChargeMapServiceTests.swift; sourceTree = "<group>"; };
		S4FRCS01 /* CacheService.swift */ = {isa = PBXFileReference; lastKnownFileType = sourcecode.swift; name = CacheService.swift; path = EVCharger/Services/CacheService.swift; sourceTree = SOURCE_ROOT; };
		S4FRCSV1 /* CacheStatusView.swift */ = {isa = PBXFileReference; lastKnownFileType = sourcecode.swift; name = CacheStatusView.swift; path = EVCharger/Views/Components/CacheStatusView.swift; sourceTree = SOURCE_ROOT; };
		S4FRNM01 /* NetworkMonitor.swift */ = {isa = PBXFileReference; lastKnownFileType = sourcecode.swift; name = NetworkMonitor.swift; path = EVCharger/Services/NetworkMonitor.swift; sourceTree = SOURCE_ROOT; };
		S4FRSM01 /* StoreManager.swift */ = {isa = PBXFileReference; lastKnownFileType = sourcecode.swift; name = StoreManager.swift; path = EVCharger/Services/StoreManager.swift; sourceTree = SOURCE_ROOT; };
		S4FRSV01 /* SettingsView.swift */ = {isa = PBXFileReference; lastKnownFileType = sourcecode.swift; name = SettingsView.swift; path = EVCharger/Views/SettingsView.swift; sourceTree = SOURCE_ROOT; };
		S4FRTB01 /* TrialBannerView.swift */ = {isa = PBXFileReference; lastKnownFileType = sourcecode.swift; name = TrialBannerView.swift; path = EVCharger/Views/Components/TrialBannerView.swift; sourceTree = SOURCE_ROOT; };
		StatusTypeSwift /* StatusType.swift */ = {isa = PBXFileReference; lastKnownFileType = sourcecode.swift; path = StatusType.swift; sourceTree = "<group>"; };
		UserPreferencesSwift /* UserPreferences.swift */ = {isa = PBXFileReference; lastKnownFileType = sourcecode.swift; path = UserPreferences.swift; sourceTree = "<group>"; };
/* End PBXFileReference section */

/* Begin PBXFrameworksBuildPhase section */
		FrameworksBuildPhase /* Frameworks */ = {
			isa = PBXFrameworksBuildPhase;
			buildActionMask = 2147483647;
			files = (
			);
			runOnlyForDeploymentPostprocessing = 0;
		};
		TestsFrameworksBuildPhase /* Frameworks */ = {
			isa = PBXFrameworksBuildPhase;
			buildActionMask = 2147483647;
			files = (
			);
			runOnlyForDeploymentPostprocessing = 0;
		};
/* End PBXFrameworksBuildPhase section */

/* Begin PBXGroup section */
		AppGroup /* App */ = {
			isa = PBXGroup;
			children = (
				EVChargerAppSwift /* EVChargerApp.swift */,
				ContentViewSwift /* ContentView.swift */,
			);
			path = App;
			sourceTree = "<group>";
		};
		CarPlayGroup /* CarPlay */ = {
			isa = PBXGroup;
			children = (
				CarPlaySceneDelegateSwift /* CarPlaySceneDelegate.swift */,
			);
			path = CarPlay;
			sourceTree = "<group>";
		};
		EVChargerGroup /* EVCharger */ = {
			isa = PBXGroup;
			children = (
				AppGroup /* App */,
				CarPlayGroup /* CarPlay */,
				ModelsGroup /* Models */,
				ServicesGroup /* Services */,
				ViewModelsGroup /* ViewModels */,
				ViewsGroup /* Views */,
				InfoPlist /* Info.plist */,
			);
			path = EVCharger;
			sourceTree = "<group>";
		};
		EVChargerTestsGroup /* EVChargerTests */ = {
			isa = PBXGroup;
			children = (
				OpenChargeMapServiceTestsSwift /* OpenChargeMapServiceTests.swift */,
			);
			path = EVChargerTests;
			sourceTree = "<group>";
		};
		MainGroup = {
			isa = PBXGroup;
			children = (
				EVChargerGroup /* EVCharger */,
				EVChargerTestsGroup /* EVChargerTests */,
				ProductsGroup /* Products */,
				8EE74C44849488A51DF0B777 /* ChargersViewModel.swift */,
				97754B38A467366AFFFDAE3D /* ChargerMapView.swift */,
				9DEE47BE86E4136A94B715B1 /* ChargerListView.swift */,
				5C04484D999021E1752BB4EB /* ChargerDetailView.swift */,
				0854436DBE41F6F7723F9AF7 /* ConnectorFilterView.swift */,
				A4674A049F46CEEFCF1B2F2B /* ChargerRowView.swift */,
				CA2F41E6BA17BA8948FCAA22 /* ConnectorBadgeView.swift */,
				1DA54065821313B888C85D35 /* NavigationService.swift */,
				S4FRNM01 /* NetworkMonitor.swift */,
				S4FRCS01 /* CacheService.swift */,
				S4FRSV01 /* SettingsView.swift */,
				S4FRCSV1 /* CacheStatusView.swift */,
				S4FRSM01 /* StoreManager.swift */,
				S4FRTB01 /* TrialBannerView.swift */,
				APICONFIGFR /* APIConfig.swift */,
			);
			sourceTree = "<group>";
		};
		ModelsGroup /* Models */ = {
			isa = PBXGroup;
			children = (
				ChargingStationSwift /* ChargingStation.swift */,
				ConnectorTypeSwift /* ConnectorType.swift */,
				StatusTypeSwift /* StatusType.swift */,
				UserPreferencesSwift /* UserPreferences.swift */,
			);
			path = Models;
			sourceTree = "<group>";
		};
		ProductsGroup /* Products */ = {
			isa = PBXGroup;
			children = (
				EVChargerProduct /* EVCharger.app */,
				EVChargerTestsProduct /* EVChargerTests.xctest */,
			);
			name = Products;
			sourceTree = "<group>";
		};
		ServicesGroup /* Services */ = {
			isa = PBXGroup;
			children = (
				OpenChargeMapServiceSwift /* OpenChargeMapService.swift */,
				LocationServiceSwift /* LocationService.swift */,
			);
			path = Services;
			sourceTree = "<group>";
		};
		ViewModelsGroup /* ViewModels */ = {
			isa = PBXGroup;
			children = (
			);
			path = ViewModels;
			sourceTree = "<group>";
		};
		ViewsGroup /* Views */ = {
			isa = PBXGroup;
			children = (
			);
			path = Views;
			sourceTree = "<group>";
		};
/* End PBXGroup section */

/* Begin PBXNativeTarget section */
		EVChargerTarget /* EVCharger */ = {
			isa = PBXNativeTarget;
			buildConfigurationList = BuildConfigList /* Build configuration list for PBXNativeTarget "EVCharger" */;
			buildPhases = (
				SourcesBuildPhase /* Sources */,
				FrameworksBuildPhase /* Frameworks */,
				ResourcesBuildPhase /* Resources */,
			);
			buildRules = (
			);
			dependencies = (
			);
			name = EVCharger;
			productName = EVCharger;
			productReference = EVChargerProduct /* EVCharger.app */;
			productType = "com.apple.product-type.application";
		};
		EVChargerTestsTarget /* EVChargerTests */ = {
			isa = PBXNativeTarget;
			buildConfigurationList = TestsBuildConfigList /* Build configuration list for PBXNativeTarget "EVChargerTests" */;
			buildPhases = (
				TestsSourcesBuildPhase /* Sources */,
				TestsFrameworksBuildPhase /* Frameworks */,
				TestsResourcesBuildPhase /* Resources */,
			);
			buildRules = (
			);
			dependencies = (
				TestsTargetDependency /* PBXTargetDependency */,
			);
			name = EVChargerTests;
			productName = EVChargerTests;
			productReference = EVChargerTestsProduct /* EVChargerTests.xctest */;
			productType = "com.apple.product-type.bundle.unit-test";
		};
/* End PBXNativeTarget section */

/* Begin PBXProject section */
		Project /* Project object */ = {
			isa = PBXProject;
			attributes = {
				BuildIndependentTargetsInParallel = 1;
				LastSwiftUpdateCheck = 1540;
				LastUpgradeCheck = 2620;
				TargetAttributes = {
					EVChargerTarget = {
						CreatedOnToolsVersion = 15.4;
					};
					EVChargerTestsTarget = {
						CreatedOnToolsVersion = 15.4;
						TestTargetID = EVChargerTarget;
					};
				};
			};
			buildConfigurationList = ProjectBuildConfigList /* Build configuration list for PBXProject "EVCharger" */;
			compatibilityVersion = "Xcode 14.0";
			developmentRegion = en;
			hasScannedForEncodings = 0;
			knownRegions = (
				en,
				Base,
			);
			mainGroup = MainGroup;
			productRefGroup = ProductsGroup /* Products */;
			projectDirPath = "";
			projectRoot = "";
			targets = (
				EVChargerTarget /* EVCharger */,
				EVChargerTestsTarget /* EVChargerTests */,
			);
		};
/* End PBXProject section */

/* Begin PBXResourcesBuildPhase section */
		ResourcesBuildPhase /* Resources */ = {
			isa = PBXResourcesBuildPhase;
			buildActionMask = 2147483647;
			files = (
			);
			runOnlyForDeploymentPostprocessing = 0;
		};
		TestsResourcesBuildPhase /* Resources */ = {
			isa = PBXResourcesBuildPhase;
			buildActionMask = 2147483647;
			files = (
			);
			runOnlyForDeploymentPostprocessing = 0;
		};
/* End PBXResourcesBuildPhase section */

/* Begin PBXSourcesBuildPhase section */
		SourcesBuildPhase /* Sources */ = {
			isa = PBXSourcesBuildPhase;
			buildActionMask = 2147483647;
			files = (
				EVChargerApp /* EVChargerApp.swift in Sources */,
				ContentView /* ContentView.swift in Sources */,
				CarPlaySceneDelegate /* CarPlaySceneDelegate.swift in Sources */,
				ChargingStationBuildFile /* ChargingStation.swift in Sources */,
				ConnectorTypeBuildFile /* ConnectorType.swift in Sources */,
				StatusTypeBuildFile /* StatusType.swift in Sources */,
				UserPreferencesBuildFile /* UserPreferences.swift in Sources */,
				OpenChargeMapServiceBuildFile /* OpenChargeMapService.swift in Sources */,
				LocationServiceBuildFile /* LocationService.swift in Sources */,
				BC0A40B484A2CF8D370C3DD7 /* ChargersViewModel.swift in Sources */,
				DBBA4AB2A53DFCD5A7BDB1D8 /* ChargerMapView.swift in Sources */,
				EF704101BE12C6CF30284813 /* ChargerListView.swift in Sources */,
				6FAA40B5B5BDB1EC5C71F2CF /* ChargerDetailView.swift in Sources */,
				940A433885FB75D2EAB81EBC /* ConnectorFilterView.swift in Sources */,
				76684BF7872AC5D858B071B3 /* ChargerRowView.swift in Sources */,
				219E4BF188486ABBF1C7826D /* ConnectorBadgeView.swift in Sources */,
				39FC45909F781A1099A7FD17 /* NavigationService.swift in Sources */,
				S4BFNM01 /* NetworkMonitor.swift in Sources */,
				S4BFCS01 /* CacheService.swift in Sources */,
				S4BFSV01 /* SettingsView.swift in Sources */,
				S4BFCSV1 /* CacheStatusView.swift in Sources */,
				S4BFSM01 /* StoreManager.swift in Sources */,
				S4BFTB01 /* TrialBannerView.swift in Sources */,
				APICONFIGBF /* APIConfig.swift in Sources */,
			);
			runOnlyForDeploymentPostprocessing = 0;
		};
		TestsSourcesBuildPhase /* Sources */ = {
			isa = PBXSourcesBuildPhase;
			buildActionMask = 2147483647;
			files = (
				OpenChargeMapServiceTestsBuildFile /* OpenChargeMapServiceTests.swift in Sources */,
			);
			runOnlyForDeploymentPostprocessing = 0;
		};
/* End PBXSourcesBuildPhase section */

/* Begin PBXTargetDependency section */
		TestsTargetDependency /* PBXTargetDependency */ = {
			isa = PBXTargetDependency;
			target = EVChargerTarget /* EVCharger */;
			targetProxy = TestsContainerItemProxy /* PBXContainerItemProxy */;
		};
/* End PBXTargetDependency section */

/* Begin XCBuildConfiguration section */
		DebugConfig /* Debug */ = {
			isa = XCBuildConfiguration;
			buildSettings = {
				ALWAYS_SEARCH_USER_PATHS = NO;
				ASSETCATALOG_COMPILER_GENERATE_SWIFT_ASSET_SYMBOL_EXTENSIONS = YES;
				CLANG_ANALYZER_NONNULL = YES;
				CLANG_ANALYZER_NUMBER_OBJECT_CONVERSION = YES_AGGRESSIVE;
				CLANG_CXX_LANGUAGE_STANDARD = "gnu++20";
				CLANG_ENABLE_MODULES = YES;
				CLANG_ENABLE_OBJC_ARC = YES;
				CLANG_ENABLE_OBJC_WEAK = YES;
				CLANG_WARN_BLOCK_CAPTURE_AUTORELEASING = YES;
				CLANG_WARN_BOOL_CONVERSION = YES;
				CLANG_WARN_COMMA = YES;
				CLANG_WARN_CONSTANT_CONVERSION = YES;
				CLANG_WARN_DEPRECATED_OBJC_IMPLEMENTATIONS = YES;
				CLANG_WARN_DIRECT_OBJC_ISA_USAGE = YES_ERROR;
				CLANG_WARN_DOCUMENTATION_COMMENTS = YES;
				CLANG_WARN_EMPTY_BODY = YES;
				CLANG_WARN_ENUM_CONVERSION = YES;
				CLANG_WARN_INFINITE_RECURSION = YES;
				CLANG_WARN_INT_CONVERSION = YES;
				CLANG_WARN_NON_LITERAL_NULL_CONVERSION = YES;
				CLANG_WARN_OBJC_IMPLICIT_RETAIN_SELF = YES;
				CLANG_WARN_OBJC_LITERAL_CONVERSION = YES;
				CLANG_WARN_OBJC_ROOT_CLASS = YES_ERROR;
				CLANG_WARN_QUOTED_INCLUDE_IN_FRAMEWORK_HEADER = YES;
				CLANG_WARN_RANGE_LOOP_ANALYSIS = YES;
				CLANG_WARN_STRICT_PROTOTYPES = YES;
				CLANG_WARN_SUSPICIOUS_MOVE = YES;
				CLANG_WARN_UNGUARDED_AVAILABILITY = YES_AGGRESSIVE;
				CLANG_WARN_UNREACHABLE_CODE = YES;
				CLANG_WARN__DUPLICATE_METHOD_MATCH = YES;
				COPY_PHASE_STRIP = NO;
				DEBUG_INFORMATION_FORMAT = dwarf;
				ENABLE_STRICT_OBJC_MSGSEND = YES;
				ENABLE_TESTABILITY = YES;
				ENABLE_USER_SCRIPT_SANDBOXING = YES;
				GCC_C_LANGUAGE_STANDARD = gnu17;
				GCC_DYNAMIC_NO_PIC = NO;
				GCC_NO_COMMON_BLOCKS = YES;
				GCC_OPTIMIZATION_LEVEL = 0;
				GCC_PREPROCESSOR_DEFINITIONS = (
					"DEBUG=1",
					"$(inherited)",
				);
				GCC_WARN_64_TO_32_BIT_CONVERSION = YES;
				GCC_WARN_ABOUT_RETURN_TYPE = YES_ERROR;
				GCC_WARN_UNDECLARED_SELECTOR = YES;
				GCC_WARN_UNINITIALIZED_AUTOS = YES_AGGRESSIVE;
				GCC_WARN_UNUSED_FUNCTION = YES;
				GCC_WARN_UNUSED_VARIABLE = YES;
				IPHONEOS_DEPLOYMENT_TARGET = 17.0;
				LOCALIZATION_PREFERS_STRING_CATALOGS = YES;
				MTL_ENABLE_DEBUG_INFO = INCLUDE_SOURCE;
				MTL_FAST_MATH = YES;
				ONLY_ACTIVE_ARCH = YES;
				SDKROOT = iphoneos;
				STRING_CATALOG_GENERATE_SYMBOLS = YES;
				SWIFT_ACTIVE_COMPILATION_CONDITIONS = "DEBUG $(inherited)";
				SWIFT_OPTIMIZATION_LEVEL = "-Onone";
			};
			name = Debug;
		};
		ReleaseConfig /* Release */ = {
			isa = XCBuildConfiguration;
			buildSettings = {
				ALWAYS_SEARCH_USER_PATHS = NO;
				ASSETCATALOG_COMPILER_GENERATE_SWIFT_ASSET_SYMBOL_EXTENSIONS = YES;
				CLANG_ANALYZER_NONNULL = YES;
				CLANG_ANALYZER_NUMBER_OBJECT_CONVERSION = YES_AGGRESSIVE;
				CLANG_CXX_LANGUAGE_STANDARD = "gnu++20";
				CLANG_ENABLE_MODULES = YES;
				CLANG_ENABLE_OBJC_ARC = YES;
				CLANG_ENABLE_OBJC_WEAK = YES;
				CLANG_WARN_BLOCK_CAPTURE_AUTORELEASING = YES;
				CLANG_WARN_BOOL_CONVERSION = YES;
				CLANG_WARN_COMMA = YES;
				CLANG_WARN_CONSTANT_CONVERSION = YES;
				CLANG_WARN_DEPRECATED_OBJC_IMPLEMENTATIONS = YES;
				CLANG_WARN_DIRECT_OBJC_ISA_USAGE = YES_ERROR;
				CLANG_WARN_DOCUMENTATION_COMMENTS = YES;
				CLANG_WARN_EMPTY_BODY = YES;
				CLANG_WARN_ENUM_CONVERSION = YES;
				CLANG_WARN_INFINITE_RECURSION = YES;
				CLANG_WARN_INT_CONVERSION = YES;
				CLANG_WARN_NON_LITERAL_NULL_CONVERSION = YES;
				CLANG_WARN_OBJC_IMPLICIT_RETAIN_SELF = YES;
				CLANG_WARN_OBJC_LITERAL_CONVERSION = YES;
				CLANG_WARN_OBJC_ROOT_CLASS = YES_ERROR;
				CLANG_WARN_QUOTED_INCLUDE_IN_FRAMEWORK_HEADER = YES;
				CLANG_WARN_RANGE_LOOP_ANALYSIS = YES;
				CLANG_WARN_STRICT_PROTOTYPES = YES;
				CLANG_WARN_SUSPICIOUS_MOVE = YES;
				CLANG_WARN_UNGUARDED_AVAILABILITY = YES_AGGRESSIVE;
				CLANG_WARN_UNREACHABLE_CODE = YES;
				CLANG_WARN__DUPLICATE_METHOD_MATCH = YES;
				COPY_PHASE_STRIP = NO;
				DEBUG_INFORMATION_FORMAT = "dwarf-with-dsym";
				ENABLE_NS_ASSERTIONS = NO;
				ENABLE_STRICT_OBJC_MSGSEND = YES;
				ENABLE_USER_SCRIPT_SANDBOXING = YES;
				GCC_C_LANGUAGE_STANDARD = gnu17;
				GCC_NO_COMMON_BLOCKS = YES;
				GCC_WARN_64_TO_32_BIT_CONVERSION = YES;
				GCC_WARN_ABOUT_RETURN_TYPE = YES_ERROR;
				GCC_WARN_UNDECLARED_SELECTOR = YES;
				GCC_WARN_UNINITIALIZED_AUTOS = YES_AGGRESSIVE;
				GCC_WARN_UNUSED_FUNCTION = YES;
				GCC_WARN_UNUSED_VARIABLE = YES;
				IPHONEOS_DEPLOYMENT_TARGET = 17.0;
				LOCALIZATION_PREFERS_STRING_CATALOGS = YES;
				MTL_ENABLE_DEBUG_INFO = NO;
				MTL_FAST_MATH = YES;
				SDKROOT = iphoneos;
				STRING_CATALOG_GENERATE_SYMBOLS = YES;
				SWIFT_COMPILATION_MODE = wholemodule;
				VALIDATE_PRODUCT = YES;
			};
			name = Release;
		};
		TargetDebugConfig /* Debug */ = {
			isa = XCBuildConfiguration;
			buildSettings = {
				ASSETCATALOG_COMPILER_APPICON_NAME = AppIcon;
				ASSETCATALOG_COMPILER_GLOBAL_ACCENT_COLOR_NAME = AccentColor;
				CODE_SIGN_ENTITLEMENTS = EVCharger/EVCharger.entitlements;
				CODE_SIGN_STYLE = Automatic;
				CURRENT_PROJECT_VERSION = 1;
				DEVELOPMENT_TEAM = "";
				ENABLE_PREVIEWS = YES;
				ENABLE_TESTABILITY = YES;
				GENERATE_INFOPLIST_FILE = YES;
				INFOPLIST_FILE = EVCharger/Info.plist;
				INFOPLIST_KEY_CFBundleDisplayName = EVCharger;
				INFOPLIST_KEY_LSApplicationCategoryType = "public.app-category.navigation";
				INFOPLIST_KEY_NSLocationAlwaysAndWhenInUseUsageDescription = "EVCharger needs your location to find nearby charging stations.";
				INFOPLIST_KEY_NSLocationWhenInUseUsageDescription = "EVCharger needs your location to find nearby charging stations.";
				INFOPLIST_KEY_UIApplicationSceneManifest_Generation = YES;
				INFOPLIST_KEY_UIApplicationSupportsIndirectInputEvents = YES;
				INFOPLIST_KEY_UILaunchScreen_Generation = YES;
				INFOPLIST_KEY_UISupportedInterfaceOrientations_iPad = "UIInterfaceOrientationPortrait UIInterfaceOrientationPortraitUpsideDown UIInterfaceOrientationLandscapeLeft UIInterfaceOrientationLandscapeRight";
				INFOPLIST_KEY_UISupportedInterfaceOrientations_iPhone = "UIInterfaceOrientationPortrait UIInterfaceOrientationLandscapeLeft UIInterfaceOrientationLandscapeRight";
				LD_RUNPATH_SEARCH_PATHS = (
					"$(inherited)",
					"@executable_path/Frameworks",
				);
				MARKETING_VERSION = 1.0;
				PRODUCT_BUNDLE_IDENTIFIER = com.app.EVCharger;
				PRODUCT_NAME = "$(TARGET_NAME)";
				SWIFT_EMIT_LOC_STRINGS = YES;
				SWIFT_VERSION = 5.0;
				TARGETED_DEVICE_FAMILY = "1,2";
			};
			name = Debug;
		};
		TargetReleaseConfig /* Release */ = {
			isa = XCBuildConfiguration;
			buildSettings = {
				ASSETCATALOG_COMPILER_APPICON_NAME = AppIcon;
				ASSETCATALOG_COMPILER_GLOBAL_ACCENT_COLOR_NAME = AccentColor;
				CODE_SIGN_ENTITLEMENTS = EVCharger/EVCharger.entitlements;
				CODE_SIGN_STYLE = Automatic;
				CURRENT_PROJECT_VERSION = 1;
				DEVELOPMENT_TEAM = "";
				ENABLE_PREVIEWS = YES;
				GENERATE_INFOPLIST_FILE = YES;
				INFOPLIST_FILE = EVCharger/Info.plist;
				INFOPLIST_KEY_CFBundleDisplayName = EVCharger;
				INFOPLIST_KEY_LSApplicationCategoryType = "public.app-category.navigation";
				INFOPLIST_KEY_NSLocationAlwaysAndWhenInUseUsageDescription = "EVCharger needs your location to find nearby charging stations.";
				INFOPLIST_KEY_NSLocationWhenInUseUsageDescription = "EVCharger needs your location to find nearby charging stations.";
				INFOPLIST_KEY_UIApplicationSceneManifest_Generation = YES;
				INFOPLIST_KEY_UIApplicationSupportsIndirectInputEvents = YES;
				INFOPLIST_KEY_UILaunchScreen_Generation = YES;
				INFOPLIST_KEY_UISupportedInterfaceOrientations_iPad = "UIInterfaceOrientationPortrait UIInterfaceOrientationPortraitUpsideDown UIInterfaceOrientationLandscapeLeft UIInterfaceOrientationLandscapeRight";
				INFOPLIST_KEY_UISupportedInterfaceOrientations_iPhone = "UIInterfaceOrientationPortrait UIInterfaceOrientationLandscapeLeft UIInterfaceOrientationLandscapeRight";
				LD_RUNPATH_SEARCH_PATHS = (
					"$(inherited)",
					"@executable_path/Frameworks",
				);
				MARKETING_VERSION = 1.0;
				PRODUCT_BUNDLE_IDENTIFIER = com.app.EVCharger;
				PRODUCT_NAME = "$(TARGET_NAME)";
				SWIFT_EMIT_LOC_STRINGS = YES;
				SWIFT_VERSION = 5.0;
				TARGETED_DEVICE_FAMILY = "1,2";
			};
			name = Release;
		};
		TestsDebugConfig /* Debug */ = {
			isa = XCBuildConfiguration;
			buildSettings = {
				BUNDLE_LOADER = "$(TEST_HOST)";
				CODE_SIGN_STYLE = Automatic;
				CURRENT_PROJECT_VERSION = 1;
				DEVELOPMENT_TEAM = "";
				GENERATE_INFOPLIST_FILE = YES;
				IPHONEOS_DEPLOYMENT_TARGET = 17.0;
				MARKETING_VERSION = 1.0;
				PRODUCT_BUNDLE_IDENTIFIER = com.app.EVChargerTests;
				PRODUCT_NAME = "$(TARGET_NAME)";
				SWIFT_EMIT_LOC_STRINGS = NO;
				SWIFT_VERSION = 5.0;
				TARGETED_DEVICE_FAMILY = "1,2";
				TEST_HOST = "$(BUILT_PRODUCTS_DIR)/EVCharger.app/$(BUNDLE_EXECUTABLE_FOLDER_PATH)/EVCharger";
			};
			name = Debug;
		};
		TestsReleaseConfig /* Release */ = {
			isa = XCBuildConfiguration;
			buildSettings = {
				BUNDLE_LOADER = "$(TEST_HOST)";
				CODE_SIGN_STYLE = Automatic;
				CURRENT_PROJECT_VERSION = 1;
				DEVELOPMENT_TEAM = "";
				GENERATE_INFOPLIST_FILE = YES;
				IPHONEOS_DEPLOYMENT_TARGET = 17.0;
				MARKETING_VERSION = 1.0;
				PRODUCT_BUNDLE_IDENTIFIER = com.app.EVChargerTests;
				PRODUCT_NAME = "$(TARGET_NAME)";
				SWIFT_EMIT_LOC_STRINGS = NO;
				SWIFT_VERSION = 5.0;
				TARGETED_DEVICE_FAMILY = "1,2";
				TEST_HOST = "$(BUILT_PRODUCTS_DIR)/EVCharger.app/$(BUNDLE_EXECUTABLE_FOLDER_PATH)/EVCharger";
			};
			name = Release;
		};
/* End XCBuildConfiguration section */

/* Begin XCConfigurationList section */
		BuildConfigList /* Build configuration list for PBXNativeTarget "EVCharger" */ = {
			isa = XCConfigurationList;
			buildConfigurations = (
				TargetDebugConfig /* Debug */,
				TargetReleaseConfig /* Release */,
			);
			defaultConfigurationIsVisible = 0;
			defaultConfigurationName = Release;
		};
		ProjectBuildConfigList /* Build configuration list for PBXProject "EVCharger" */ = {
			isa = XCConfigurationList;
			buildConfigurations = (
				DebugConfig /* Debug */,
				ReleaseConfig /* Release */,
			);
			defaultConfigurationIsVisible = 0;
			defaultConfigurationName = Release;
		};
		TestsBuildConfigList /* Build configuration list for PBXNativeTarget "EVChargerTests" */ = {
			isa = XCConfigurationList;
			buildConfigurations = (
				TestsDebugConfig /* Debug */,
				TestsReleaseConfig /* Release */,
			);
			defaultConfigurationIsVisible = 0;
			defaultConfigurationName = Release;
		};
/* End XCConfigurationList section */
	};
	rootObject = Project /* Project object */;
}
